
Microsoft Visual Studio Solution File, Format Version 12.00
# Visual Studio Version 16
VisualStudioVersion = 16.0.29424.173
MinimumVisualStudioVersion = 10.0.40219.1
Project("{FAE04EC0-301F-11D3-BF4B-00C04F79EFBC}") = "AzureFuncs.BigTable.Example", "AzureFuncs.BigTable.Example\AzureFuncs.BigTable.Example.csproj", "{11FD9724-FAF3-4C8D-9185-094C9A045B5B}"
EndProject
Project("{9A19103F-16F7-4668-BE54-9A1E7A4F7556}") = "AzureFuns.Data.Models", "AzureFuns.Data.Models\AzureFuns.Data.Models.csproj", "{E33D9511-C3A5-49A5-BCB1-A95D15B4CF70}"
EndProject
Project("{9A19103F-16F7-4668-BE54-9A1E7A4F7556}") = "AzureFuns.Common", "AzureFuns.Common\AzureFuns.Common.csproj", "{743CC5D3-6357-4E9D-93BF-4FF4C565AD8B}"
EndProject
Global
	GlobalSection(SolutionConfigurationPlatforms) = preSolution
		Debug|Any CPU = Debug|Any CPU
		Release|Any CPU = Release|Any CPU
	EndGlobalSection
	GlobalSection(ProjectConfigurationPlatforms) = postSolution
		{11FD9724-FAF3-4C8D-9185-094C9A045B5B}.Debug|Any CPU.ActiveCfg = Debug|Any CPU
		{11FD9724-FAF3-4C8D-9185-094C9A045B5B}.Debug|Any CPU.Build.0 = Debug|Any CPU
		{11FD9724-FAF3-4C8D-9185-094C9A045B5B}.Release|Any CPU.ActiveCfg = Release|Any CPU
		{11FD9724-FAF3-4C8D-9185-094C9A045B5B}.Release|Any CPU.Build.0 = Release|Any CPU
		{E33D9511-C3A5-49A5-BCB1-A95D15B4CF70}.Debug|Any CPU.ActiveCfg = Debug|Any CPU
		{E33D9511-C3A5-49A5-BCB1-A95D15B4CF70}.Debug|Any CPU.Build.0 = Debug|Any CPU
		{E33D9511-C3A5-49A5-BCB1-A95D15B4CF70}.Release|Any CPU.ActiveCfg = Release|Any CPU
		{E33D9511-C3A5-49A5-BCB1-A95D15B4CF70}.Release|Any CPU.Build.0 = Release|Any CPU
		{743CC5D3-6357-4E9D-93BF-4FF4C565AD8B}.Debug|Any CPU.ActiveCfg = Debug|Any CPU
		{743CC5D3-6357-4E9D-93BF-4FF4C565AD8B}.Debug|Any CPU.Build.0 = Debug|Any CPU
		{743CC5D3-6357-4E9D-93BF-4FF4C565AD8B}.Release|Any CPU.ActiveCfg = Release|Any CPU
		{743CC5D3-6357-4E9D-93BF-4FF4C565AD8B}.Release|Any CPU.Build.0 = Release|Any CPU
	EndGlobalSection
	GlobalSection(SolutionProperties) = preSolution
		HideSolutionNode = FALSE
	EndGlobalSection
	GlobalSection(ExtensibilityGlobals) = postSolution
		SolutionGuid = {CC3FBC7A-33D2-4783-AFBA-D7779EC2B53C}
	EndGlobalSection
EndGlobal
